{
  "name": "node-mppc",
  "version": "1.0.0",
  "lockfileVersion": 1,
  "requires": true,
  "dependencies": {
    "@types/node": {
      "version": "14.0.13",
      "resolved": "https://registry.npmjs.org/@types/node/-/node-14.0.13.tgz",
      "integrity": "sha512-rouEWBImiRaSJsVA+ITTFM6ZxibuAlTuNOCyxVbwreu6k6+ujs7DfnU9o+PShFhET78pMBl3eH+AGSI5eOTkPA==",
      "dev": true
    },
    "extended-buffer": {
      "version": "6.0.4",
      "resolved": "https://registry.npmjs.org/extended-buffer/-/extended-buffer-6.0.4.tgz",
      "integrity": "sha512-ZB7vbo6e5qiw7KC9NtqgfsnwanXhIg1ZwgKwMi97fCYoj/7EzoHnzyYb7TT7jJluQfwqibGqy9i+n0wo0K52ZQ=="
    },
    "typescript": {
      "version": "3.9.5",
      "resolved": "https://registry.npmjs.org/typescript/-/typescript-3.9.5.tgz",
      "integrity": "sha512-hSAifV3k+i6lEoCJ2k6R2Z/rp/H3+8sdmcn5NrS3/3kE7+RyZXm9aqvxWqjEXHAd8b0pShatpcdMTvEdvAJltQ==",
      "dev": true
    }
  }
}
